
Microsoft Visual Studio Solution File, Format Version 12.00
# Visual Studio Version 17
VisualStudioVersion = 17.11.35208.52
MinimumVisualStudioVersion = 10.0.40219.1
Project("{9A19103F-16F7-4668-BE54-9A1E7A4F7556}") = "IssueManagement", "IssueManagement\IssueManagement.csproj", "{F474D9CA-602C-4A02-B8A4-70A5C8565F3F}"
EndProject
Project("{2150E333-8FDC-42A3-9474-1A3956D46DE8}") = "Infrastructure", "Infrastructure", "{44F6CE47-870B-4F88-9475-BD1E76E83D14}"
EndProject
Project("{2150E333-8FDC-42A3-9474-1A3956D46DE8}") = "Domain", "Domain", "{9CB6222D-89AF-44F3-A667-837AA271C114}"
EndProject
Project("{2150E333-8FDC-42A3-9474-1A3956D46DE8}") = "Presentation", "Presentation", "{759BF047-8D80-4C55-A172-0BED7AB9F62A}"
EndProject
Project("{2150E333-8FDC-42A3-9474-1A3956D46DE8}") = "Persistence", "Persistence", "{C019B695-C454-4D49-BB74-EB569393F233}"
EndProject
Project("{9A19103F-16F7-4668-BE54-9A1E7A4F7556}") = "IssueManagement.Domain", "IssueManagement.Domain\IssueManagement.Domain.csproj", "{329A02CB-42EA-4AAA-A9E2-469BF24496C5}"
EndProject
Project("{9A19103F-16F7-4668-BE54-9A1E7A4F7556}") = "IssueManagement.Persistence", "IssueManagement.Persistence\IssueManagement.Persistence.csproj", "{77C075EC-9886-45BA-969F-5F8223BE50A4}"
EndProject
Project("{2150E333-8FDC-42A3-9474-1A3956D46DE8}") = "Application", "Application", "{CA78404D-33B3-4B19-A81A-58F571801466}"
EndProject
Project("{9A19103F-16F7-4668-BE54-9A1E7A4F7556}") = "IssueManagement.Application", "IssueManagement.Application\IssueManagement.Application.csproj", "{3717ECE7-E1BE-4BA8-B827-CBBB00A44E4A}"
EndProject
Project("{9A19103F-16F7-4668-BE54-9A1E7A4F7556}") = "IssueManagement.Infrastructure", "IssueManagement.Infrastructure\IssueManagement.Infrastructure.csproj", "{F4565A7C-7B58-462E-8886-B0E7716E0BC0}"
EndProject
Project("{2150E333-8FDC-42A3-9474-1A3956D46DE8}") = "Commons", "Commons", "{ECA4F223-F969-4536-9503-2BA3236F778A}"
EndProject
Project("{9A19103F-16F7-4668-BE54-9A1E7A4F7556}") = "IssueManagement.Common", "IssueManagement.Common\IssueManagement.Common.csproj", "{99E27023-52F6-4C95-844D-F5934E4B6437}"
EndProject
Project("{2150E333-8FDC-42A3-9474-1A3956D46DE8}") = "Tests", "Tests", "{4A5C9A8B-819A-4095-9530-26BC332B9D1A}"
EndProject
Project("{FAE04EC0-301F-11D3-BF4B-00C04F79EFBC}") = "IssueManagement.Tests", "IssueManagement.Tests\IssueManagement.Tests.csproj", "{2B3CB942-8E5B-4198-B775-AF82571EDF10}"
EndProject
Global
	GlobalSection(SolutionConfigurationPlatforms) = preSolution
		Debug|Any CPU = Debug|Any CPU
		Release|Any CPU = Release|Any CPU
	EndGlobalSection
	GlobalSection(ProjectConfigurationPlatforms) = postSolution
		{F474D9CA-602C-4A02-B8A4-70A5C8565F3F}.Debug|Any CPU.ActiveCfg = Debug|Any CPU
		{F474D9CA-602C-4A02-B8A4-70A5C8565F3F}.Debug|Any CPU.Build.0 = Debug|Any CPU
		{F474D9CA-602C-4A02-B8A4-70A5C8565F3F}.Release|Any CPU.ActiveCfg = Release|Any CPU
		{F474D9CA-602C-4A02-B8A4-70A5C8565F3F}.Release|Any CPU.Build.0 = Release|Any CPU
		{329A02CB-42EA-4AAA-A9E2-469BF24496C5}.Debug|Any CPU.ActiveCfg = Debug|Any CPU
		{329A02CB-42EA-4AAA-A9E2-469BF24496C5}.Debug|Any CPU.Build.0 = Debug|Any CPU
		{329A02CB-42EA-4AAA-A9E2-469BF24496C5}.Release|Any CPU.ActiveCfg = Release|Any CPU
		{329A02CB-42EA-4AAA-A9E2-469BF24496C5}.Release|Any CPU.Build.0 = Release|Any CPU
		{77C075EC-9886-45BA-969F-5F8223BE50A4}.Debug|Any CPU.ActiveCfg = Debug|Any CPU
		{77C075EC-9886-45BA-969F-5F8223BE50A4}.Debug|Any CPU.Build.0 = Debug|Any CPU
		{77C075EC-9886-45BA-969F-5F8223BE50A4}.Release|Any CPU.ActiveCfg = Release|Any CPU
		{77C075EC-9886-45BA-969F-5F8223BE50A4}.Release|Any CPU.Build.0 = Release|Any CPU
		{3717ECE7-E1BE-4BA8-B827-CBBB00A44E4A}.Debug|Any CPU.ActiveCfg = Debug|Any CPU
		{3717ECE7-E1BE-4BA8-B827-CBBB00A44E4A}.Debug|Any CPU.Build.0 = Debug|Any CPU
		{3717ECE7-E1BE-4BA8-B827-CBBB00A44E4A}.Release|Any CPU.ActiveCfg = Release|Any CPU
		{3717ECE7-E1BE-4BA8-B827-CBBB00A44E4A}.Release|Any CPU.Build.0 = Release|Any CPU
		{F4565A7C-7B58-462E-8886-B0E7716E0BC0}.Debug|Any CPU.ActiveCfg = Debug|Any CPU
		{F4565A7C-7B58-462E-8886-B0E7716E0BC0}.Debug|Any CPU.Build.0 = Debug|Any CPU
		{F4565A7C-7B58-462E-8886-B0E7716E0BC0}.Release|Any CPU.ActiveCfg = Release|Any CPU
		{F4565A7C-7B58-462E-8886-B0E7716E0BC0}.Release|Any CPU.Build.0 = Release|Any CPU
		{99E27023-52F6-4C95-844D-F5934E4B6437}.Debug|Any CPU.ActiveCfg = Debug|Any CPU
		{99E27023-52F6-4C95-844D-F5934E4B6437}.Debug|Any CPU.Build.0 = Debug|Any CPU
		{99E27023-52F6-4C95-844D-F5934E4B6437}.Release|Any CPU.ActiveCfg = Release|Any CPU
		{99E27023-52F6-4C95-844D-F5934E4B6437}.Release|Any CPU.Build.0 = Release|Any CPU
		{2B3CB942-8E5B-4198-B775-AF82571EDF10}.Debug|Any CPU.ActiveCfg = Debug|Any CPU
		{2B3CB942-8E5B-4198-B775-AF82571EDF10}.Debug|Any CPU.Build.0 = Debug|Any CPU
		{2B3CB942-8E5B-4198-B775-AF82571EDF10}.Release|Any CPU.ActiveCfg = Release|Any CPU
		{2B3CB942-8E5B-4198-B775-AF82571EDF10}.Release|Any CPU.Build.0 = Release|Any CPU
	EndGlobalSection
	GlobalSection(SolutionProperties) = preSolution
		HideSolutionNode = FALSE
	EndGlobalSection
	GlobalSection(NestedProjects) = preSolution
		{F474D9CA-602C-4A02-B8A4-70A5C8565F3F} = {759BF047-8D80-4C55-A172-0BED7AB9F62A}
		{329A02CB-42EA-4AAA-A9E2-469BF24496C5} = {9CB6222D-89AF-44F3-A667-837AA271C114}
		{77C075EC-9886-45BA-969F-5F8223BE50A4} = {C019B695-C454-4D49-BB74-EB569393F233}
		{3717ECE7-E1BE-4BA8-B827-CBBB00A44E4A} = {CA78404D-33B3-4B19-A81A-58F571801466}
		{F4565A7C-7B58-462E-8886-B0E7716E0BC0} = {44F6CE47-870B-4F88-9475-BD1E76E83D14}
		{99E27023-52F6-4C95-844D-F5934E4B6437} = {ECA4F223-F969-4536-9503-2BA3236F778A}
		{2B3CB942-8E5B-4198-B775-AF82571EDF10} = {4A5C9A8B-819A-4095-9530-26BC332B9D1A}
	EndGlobalSection
	GlobalSection(ExtensibilityGlobals) = postSolution
		SolutionGuid = {0EF3897E-186D-40A6-85FB-882CA2EE6A77}
	EndGlobalSection
EndGlobal
